// !$*UTF8*$!
{
	archiveVersion = 1;
	classes = {
	};
	objectVersion = 46;
	objects = {

/* Begin PBXBuildFile section */
		AB93C5061ADF2FAE00EC3891 /* PodTry.h in Headers */ = {isa = PBXBuildFile; fileRef = AB93C5051ADF2FAE00EC3891 /* PodTry.h */; settings = {ATTRIBUTES = (Public, ); }; };
		AB93C50C1ADF2FAE00EC3891 /* PodTry.framework in Frameworks */ = {isa = PBXBuildFile; fileRef = AB93C5001ADF2FAE00EC3891 /* PodTry.framework */; };
		AB93C5131ADF2FAE00EC3891 /* PodTryTests.swift in Sources */ = {isa = PBXBuildFile; fileRef = AB93C5121ADF2FAE00EC3891 /* PodTryTests.swift */; };
/* End PBXBuildFile section */

/* Begin PBXContainerItemProxy section */
		AB93C50D1ADF2FAE00EC3891 /* PBXContainerItemProxy */ = {
			isa = PBXContainerItemProxy;
			containerPortal = AB93C4F71ADF2FAE00EC3891 /* Project object */;
			proxyType = 1;
			remoteGlobalIDString = AB93C4FF1ADF2FAE00EC3891;
			remoteInfo = PodTry;
		};
/* End PBXContainerItemProxy section */

/* Begin PBXFileReference section */
		AB93C5001ADF2FAE00EC3891 /* PodTry.framework */ = {isa = PBXFileReference; explicitFileType = wrapper.framework; includeInIndex = 0; path = PodTry.framework; sourceTree = BUILT_PRODUCTS_DIR; };
		AB93C5041ADF2FAE00EC3891 /* Info.plist */ = {isa = PBXFileReference; lastKnownFileType = text.plist.xml; path = Info.plist; sourceTree = "<group>"; };
		AB93C5051ADF2FAE00EC3891 /* PodTry.h */ = {isa = PBXFileReference; lastKnownFileType = sourcecode.c.h; path = PodTry.h; sourceTree = "<group>"; };
		AB93C50B1ADF2FAE00EC3891 /* PodTryTests.xctest */ = {isa = PBXFileReference; explicitFileType = wrapper.cfbundle; includeInIndex = 0; path = PodTryTests.xctest; sourceTree = BUILT_PRODUCTS_DIR; };
		AB93C5111ADF2FAE00EC3891 /* Info.plist */ = {isa = PBXFileReference; lastKnownFileType = text.plist.xml; path = Info.plist; sourceTree = "<group>"; };
		AB93C5121ADF2FAE00EC3891 /* PodTryTests.swift */ = {isa = PBXFileReference; lastKnownFileType = sourcecode.swift; path = PodTryTests.swift; sourceTree = "<group>"; };
/* End PBXFileReference section */

/* Begin PBXFrameworksBuildPhase section */
		AB93C4FC1ADF2FAE00EC3891 /* Frameworks */ = {
			isa = PBXFrameworksBuildPhase;
			buildActionMask = 2147483647;
			files = (
			);
			runOnlyForDeploymentPostprocessing = 0;
		};
		AB93C5081ADF2FAE00EC3891 /* Frameworks */ = {
			isa = PBXFrameworksBuildPhase;
			buildActionMask = 2147483647;
			files = (
				AB93C50C1ADF2FAE00EC3891 /* PodTry.framework in Frameworks */,
			);
			runOnlyForDeploymentPostprocessing = 0;
		};
/* End PBXFrameworksBuildPhase section */

/* Begin PBXGroup section */
		AB93C4F61ADF2FAE00EC3891 = {
			isa = PBXGroup;
			children = (
				AB93C5021ADF2FAE00EC3891 /* PodTry */,
				AB93C50F1ADF2FAE00EC3891 /* PodTryTests */,
				AB93C5011ADF2FAE00EC3891 /* Products */,
			);
			sourceTree = "<group>";
		};
		AB93C5011ADF2FAE00EC3891 /* Products */ = {
			isa = PBXGroup;
			children = (
				AB93C5001ADF2FAE00EC3891 /* PodTry.framework */,
				AB93C50B1ADF2FAE00EC3891 /* PodTryTests.xctest */,
			);
			name = Products;
			sourceTree = "<group>";
		};
		AB93C5021ADF2FAE00EC3891 /* PodTry */ = {
			isa = PBXGroup;
			children = (
				AB93C5051ADF2FAE00EC3891 /* PodTry.h */,
				AB93C5031ADF2FAE00EC3891 /* Supporting Files */,
			);
			path = PodTry;
			sourceTree = "<group>";
		};
		AB93C5031ADF2FAE00EC3891 /* Supporting Files */ = {
			isa = PBXGroup;
			children = (
				AB93C5041ADF2FAE00EC3891 /* Info.plist */,
			);
			name = "Supporting Files";
			sourceTree = "<group>";
		};
		AB93C50F1ADF2FAE00EC3891 /* PodTryTests */ = {
			isa = PBXGroup;
			children = (
				AB93C5121ADF2FAE00EC3891 /* PodTryTests.swift */,
				AB93C5101ADF2FAE00EC3891 /* Supporting Files */,
			);
			path = PodTryTests;
			sourceTree = "<group>";
		};
		AB93C5101ADF2FAE00EC3891 /* Supporting Files */ = {
			isa = PBXGroup;
			children = (
				AB93C5111ADF2FAE00EC3891 /* Info.plist */,
			);
			name = "Supporting Files";
			sourceTree = "<group>";
		};
/* End PBXGroup section */

/* Begin PBXHeadersBuildPhase section */
		AB93C4FD1ADF2FAE00EC3891 /* Headers */ = {
			isa = PBXHeadersBuildPhase;
			buildActionMask = 2147483647;
			files = (
				AB93C5061ADF2FAE00EC3891 /* PodTry.h in Headers */,
			);
			runOnlyForDeploymentPostprocessing = 0;
		};
/* End PBXHeadersBuildPhase section */

/* Begin PBXNativeTarget section */
		AB93C4FF1ADF2FAE00EC3891 /* PodTry */ = {
			isa = PBXNativeTarget;
			buildConfigurationList = AB93C5161ADF2FAE00EC3891 /* Build configuration list for PBXNativeTarget "PodTry" */;
			buildPhases = (
				AB93C4FB1ADF2FAE00EC3891 /* Sources */,
				AB93C4FC1ADF2FAE00EC3891 /* Frameworks */,
				AB93C4FD1ADF2FAE00EC3891 /* Headers */,
				AB93C4FE1ADF2FAE00EC3891 /* Resources */,
			);
			buildRules = (
			);
			dependencies = (
			);
			name = PodTry;
			productName = PodTry;
			productReference = AB93C5001ADF2FAE00EC3891 /* PodTry.framework */;
			productType = "com.apple.product-type.framework";
		};
		AB93C50A1ADF2FAE00EC3891 /* PodTryTests */ = {
			isa = PBXNativeTarget;
			buildConfigurationList = AB93C5191ADF2FAE00EC3891 /* Build configuration list for PBXNativeTarget "PodTryTests" */;
			buildPhases = (
				AB93C5071ADF2FAE00EC3891 /* Sources */,
				AB93C5081ADF2FAE00EC3891 /* Frameworks */,
				AB93C5091ADF2FAE00EC3891 /* Resources */,
			);
			buildRules = (
			);
			dependencies = (
				AB93C50E1ADF2FAE00EC3891 /* PBXTargetDependency */,
			);
			name = PodTryTests;
			productName = PodTryTests;
			productReference = AB93C50B1ADF2FAE00EC3891 /* PodTryTests.xctest */;
			productType = "com.apple.product-type.bundle.unit-test";
		};
/* End PBXNativeTarget section */

/* Begin PBXProject section */
		AB93C4F71ADF2FAE00EC3891 /* Project object */ = {
			isa = PBXProject;
			attributes = {
				LastUpgradeCheck = 0610;
				ORGANIZATIONNAME = iamnpr;
				TargetAttributes = {
					AB93C4FF1ADF2FAE00EC3891 = {
						CreatedOnToolsVersion = 6.1.1;
					};
					AB93C50A1ADF2FAE00EC3891 = {
						CreatedOnToolsVersion = 6.1.1;
					};
				};
			};
			buildConfigurationList = AB93C4FA1ADF2FAE00EC3891 /* Build configuration list for PBXProject "PodTry" */;
			compatibilityVersion = "Xcode 3.2";
			developmentRegion = English;
			hasScannedForEncodings = 0;
			knownRegions = (
				en,
			);
			mainGroup = AB93C4F61ADF2FAE00EC3891;
			productRefGroup = AB93C5011ADF2FAE00EC3891 /* Products */;
			projectDirPath = "";
			projectRoot = "";
			targets = (
				AB93C4FF1ADF2FAE00EC3891 /* PodTry */,
				AB93C50A1ADF2FAE00EC3891 /* PodTryTests */,
			);
		};
/* End PBXProject section */

/* Begin PBXResourcesBuildPhase section */
		AB93C4FE1ADF2FAE00EC3891 /* Resources */ = {
			isa = PBXResourcesBuildPhase;
			buildActionMask = 2147483647;
			files = (
			);
			runOnlyForDeploymentPostprocessing = 0;
		};
		AB93C5091ADF2FAE00EC3891 /* Resources */ = {
			isa = PBXResourcesBuildPhase;
			buildActionMask = 2147483647;
			files = (
			);
			runOnlyForDeploymentPostprocessing = 0;
		};
/* End PBXResourcesBuildPhase section */

/* Begin PBXSourcesBuildPhase section */
		AB93C4FB1ADF2FAE00EC3891 /* Sources */ = {
			isa = PBXSourcesBuildPhase;
			buildActionMask = 2147483647;
			files = (
			);
			runOnlyForDeploymentPostprocessing = 0;
		};
		AB93C5071ADF2FAE00EC3891 /* Sources */ = {
			isa = PBXSourcesBuildPhase;
			buildActionMask = 2147483647;
			files = (
				AB93C5131ADF2FAE00EC3891 /* PodTryTests.swift in Sources */,
			);
			runOnlyForDeploymentPostprocessing = 0;
		};
/* End PBXSourcesBuildPhase section */

/* Begin PBXTargetDependency section */
		AB93C50E1ADF2FAE00EC3891 /* PBXTargetDependency */ = {
			isa = PBXTargetDependency;
			target = AB93C4FF1ADF2FAE00EC3891 /* PodTry */;
			targetProxy = AB93C50D1ADF2FAE00EC3891 /* PBXContainerItemProxy */;
		};
/* End PBXTargetDependency section */

/* Begin XCBuildConfiguration section */
		AB93C5141ADF2FAE00EC3891 /* Debug */ = {
			isa = XCBuildConfiguration;
			buildSettings = {
				ALWAYS_SEARCH_USER_PATHS = NO;
				CLANG_CXX_LANGUAGE_STANDARD = "gnu++0x";
				CLANG_CXX_LIBRARY = "libc++";
				CLANG_ENABLE_MODULES = YES;
				CLANG_ENABLE_OBJC_ARC = YES;
				CLANG_WARN_BOOL_CONVERSION = YES;
				CLANG_WARN_CONSTANT_CONVERSION = YES;
				CLANG_WARN_DIRECT_OBJC_ISA_USAGE = YES_ERROR;
				CLANG_WARN_EMPTY_BODY = YES;
				CLANG_WARN_ENUM_CONVERSION = YES;
				CLANG_WARN_INT_CONVERSION = YES;
				CLANG_WARN_OBJC_ROOT_CLASS = YES_ERROR;
				CLANG_WARN_UNREACHABLE_CODE = YES;
				CLANG_WARN__DUPLICATE_METHOD_MATCH = YES;
				"CODE_SIGN_IDENTITY[sdk=iphoneos*]" = "iPhone Developer";
				COPY_PHASE_STRIP = NO;
				CURRENT_PROJECT_VERSION = 1;
				ENABLE_STRICT_OBJC_MSGSEND = YES;
				GCC_C_LANGUAGE_STANDARD = gnu99;
				GCC_DYNAMIC_NO_PIC = NO;
				GCC_OPTIMIZATION_LEVEL = 0;
				GCC_PREPROCESSOR_DEFINITIONS = (
					"DEBUG=1",
					"$(inherited)",
				);
				GCC_SYMBOLS_PRIVATE_EXTERN = NO;
				GCC_WARN_64_TO_32_BIT_CONVERSION = YES;
				GCC_WARN_ABOUT_RETURN_TYPE = YES_ERROR;
				GCC_WARN_UNDECLARED_SELECTOR = YES;
				GCC_WARN_UNINITIALIZED_AUTOS = YES_AGGRESSIVE;
				GCC_WARN_UNUSED_FUNCTION = YES;
				GCC_WARN_UNUSED_VARIABLE = YES;
				IPHONEOS_DEPLOYMENT_TARGET = 8.1;
				MTL_ENABLE_DEBUG_INFO = YES;
				ONLY_ACTIVE_ARCH = YES;
				SDKROOT = iphoneos;
				SWIFT_OPTIMIZATION_LEVEL = "-Onone";
				TARGETED_DEVICE_FAMILY = "1,2";
				VERSIONING_SYSTEM = "apple-generic";
				VERSION_INFO_PREFIX = "";
			};
			name = Debug;
		};
		AB93C5151ADF2FAE00EC3891 /* Release */ = {
			isa = XCBuildConfiguration;
			buildSettings = {
				ALWAYS_SEARCH_USER_PATHS = NO;
				CLANG_CXX_LANGUAGE_STANDARD = "gnu++0x";
				CLANG_CXX_LIBRARY = "libc++";
				CLANG_ENABLE_MODULES = YES;
				CLANG_ENABLE_OBJC_ARC = YES;
				CLANG_WARN_BOOL_CONVERSION = YES;
				CLANG_WARN_CONSTANT_CONVERSION = YES;
				CLANG_WARN_DIRECT_OBJC_ISA_USAGE = YES_ERROR;
				CLANG_WARN_EMPTY_BODY = YES;
				CLANG_WARN_ENUM_CONVERSION = YES;
				CLANG_WARN_INT_CONVERSION = YES;
				CLANG_WARN_OBJC_ROOT_CLASS = YES_ERROR;
				CLANG_WARN_UNREACHABLE_CODE = YES;
				CLANG_WARN__DUPLICATE_METHOD_MATCH = YES;
				"CODE_SIGN_IDENTITY[sdk=iphoneos*]" = "iPhone Developer";
				COPY_PHASE_STRIP = YES;
				CURRENT_PROJECT_VERSION = 1;
				ENABLE_NS_ASSERTIONS = NO;
				ENABLE_STRICT_OBJC_MSGSEND = YES;
				GCC_C_LANGUAGE_STANDARD = gnu99;
				GCC_WARN_64_TO_32_BIT_CONVERSION = YES;
				GCC_WARN_ABOUT_RETURN_TYPE = YES_ERROR;
				GCC_WARN_UNDECLARED_SELECTOR = YES;
				GCC_WARN_UNINITIALIZED_AUTOS = YES_AGGRESSIVE;
				GCC_WARN_UNUSED_FUNCTION = YES;
				GCC_WARN_UNUSED_VARIABLE = YES;
				IPHONEOS_DEPLOYMENT_TARGET = 8.1;
				MTL_ENABLE_DEBUG_INFO = NO;
				SDKROOT = iphoneos;
				TARGETED_DEVICE_FAMILY = "1,2";
				VALIDATE_PRODUCT = YES;
				VERSIONING_SYSTEM = "apple-generic";
				VERSION_INFO_PREFIX = "";
			};
			name = Release;
		};
		AB93C5171ADF2FAE00EC3891 /* Debug */ = {
			isa = XCBuildConfiguration;
			buildSettings = {
				DEFINES_MODULE = YES;
				DYLIB_COMPATIBILITY_VERSION = 1;
				DYLIB_CURRENT_VERSION = 1;
				DYLIB_INSTALL_NAME_BASE = "@rpath";
				INFOPLIST_FILE = PodTry/Info.plist;
				INSTALL_PATH = "$(LOCAL_LIBRARY_DIR)/Frameworks";
				LD_RUNPATH_SEARCH_PATHS = "$(inherited) @executable_path/Frameworks @loader_path/Frameworks";
				PRODUCT_NAME = "$(TARGET_NAME)";
				SKIP_INSTALL = YES;
			};
			name = Debug;
		};
		AB93C5181ADF2FAE00EC3891 /* Release */ = {
			isa = XCBuildConfiguration;
			buildSettings = {
				DEFINES_MODULE = YES;
				DYLIB_COMPATIBILITY_VERSION = 1;
				DYLIB_CURRENT_VERSION = 1;
				DYLIB_INSTALL_NAME_BASE = "@rpath";
				INFOPLIST_FILE = PodTry/Info.plist;
				INSTALL_PATH = "$(LOCAL_LIBRARY_DIR)/Frameworks";
				LD_RUNPATH_SEARCH_PATHS = "$(inherited) @executable_path/Frameworks @loader_path/Frameworks";
				PRODUCT_NAME = "$(TARGET_NAME)";
				SKIP_INSTALL = YES;
			};
			name = Release;
		};
		AB93C51A1ADF2FAE00EC3891 /* Debug */ = {
			isa = XCBuildConfiguration;
			buildSettings = {
				FRAMEWORK_SEARCH_PATHS = (
					"$(SDKROOT)/Developer/Library/Frameworks",
					"$(inherited)",
				);
				GCC_PREPROCESSOR_DEFINITIONS = (
					"DEBUG=1",
					"$(inherited)",
				);
				INFOPLIST_FILE = PodTryTests/Info.plist;
				LD_RUNPATH_SEARCH_PATHS = "$(inherited) @executable_path/Frameworks @loader_path/Frameworks";
				PRODUCT_NAME = "$(TARGET_NAME)";
			};
			name = Debug;
		};
		AB93C51B1ADF2FAE00EC3891 /* Release */ = {
			isa = XCBuildConfiguration;
			buildSettings = {
				FRAMEWORK_SEARCH_PATHS = (
					"$(SDKROOT)/Developer/Library/Frameworks",
					"$(inherited)",
				);
				INFOPLIST_FILE = PodTryTests/Info.plist;
				LD_RUNPATH_SEARCH_PATHS = "$(inherited) @executable_path/Frameworks @loader_path/Frameworks";
				PRODUCT_NAME = "$(TARGET_NAME)";
			};
			name = Release;
		};
/* End XCBuildConfiguration section */

/* Begin XCConfigurationList section */
		AB93C4FA1ADF2FAE00EC3891 /* Build configuration list for PBXProject "PodTry" */ = {
			isa = XCConfigurationList;
			buildConfigurations = (
				AB93C5141ADF2FAE00EC3891 /* Debug */,
				AB93C5151ADF2FAE00EC3891 /* Release */,
			);
			defaultConfigurationIsVisible = 0;
			defaultConfigurationName = Release;
		};
		AB93C5161ADF2FAE00EC3891 /* Build configuration list for PBXNativeTarget "PodTry" */ = {
			isa = XCConfigurationList;
			buildConfigurations = (
				AB93C5171ADF2FAE00EC3891 /* Debug */,
				AB93C5181ADF2FAE00EC3891 /* Release */,
			);
			defaultConfigurationIsVisible = 0;
		};
		AB93C5191ADF2FAE00EC3891 /* Build configuration list for PBXNativeTarget "PodTryTests" */ = {
			isa = XCConfigurationList;
			buildConfigurations = (
				AB93C51A1ADF2FAE00EC3891 /* Debug */,
				AB93C51B1ADF2FAE00EC3891 /* Release */,
			);
			defaultConfigurationIsVisible = 0;
		};
/* End XCConfigurationList section */
	};
	rootObject = AB93C4F71ADF2FAE00EC3891 /* Project object */;
}
